
Microsoft Visual Studio Solution File, Format Version 12.00
# Visual Studio Version 16
VisualStudioVersion = 16.0.31605.320
MinimumVisualStudioVersion = 10.0.40219.1
Project("{9A19103F-16F7-4668-BE54-9A1E7A4F7556}") = "Utility", "Utility.csproj", "{DD7364F0-1940-4E2B-A14C-0CF78BC9ED88}"
EndProject
Global
	GlobalSection(SolutionConfigurationPlatforms) = preSolution
		Debug|Any CPU = Debug|Any CPU
		Release|Any CPU = Release|Any CPU
	EndGlobalSection
	GlobalSection(ProjectConfigurationPlatforms) = postSolution
		{DD7364F0-1940-4E2B-A14C-0CF78BC9ED88}.Debug|Any CPU.ActiveCfg = Debug|Any CPU
		{DD7364F0-1940-4E2B-A14C-0CF78BC9ED88}.Debug|Any CPU.Build.0 = Debug|Any CPU
		{DD7364F0-1940-4E2B-A14C-0CF78BC9ED88}.Release|Any CPU.ActiveCfg = Release|Any CPU
		{DD7364F0-1940-4E2B-A14C-0CF78BC9ED88}.Release|Any CPU.Build.0 = Release|Any CPU
	EndGlobalSection
	GlobalSection(SolutionProperties) = preSolution
		HideSolutionNode = FALSE
	EndGlobalSection
	GlobalSection(ExtensibilityGlobals) = postSolution
		SolutionGuid = {A3AC6B37-2430-4FBA-A52F-F8776841BADB}
	EndGlobalSection
EndGlobal
